// !$*UTF8*$!
{
	archiveVersion = 1;
	classes = {
	};
	objectVersion = 46;
	objects = {

/* Begin PBXBuildFile section */
		BDA7CA131E7685FD001E3259 /* AppDelegate.swift in Sources */ = {isa = PBXBuildFile; fileRef = BDA7CA121E7685FD001E3259 /* AppDelegate.swift */; };
		BDA7CA151E7685FD001E3259 /* ViewController.swift in Sources */ = {isa = PBXBuildFile; fileRef = BDA7CA141E7685FD001E3259 /* ViewController.swift */; };
		BDA7CA181E7685FD001E3259 /* Main.storyboard in Resources */ = {isa = PBXBuildFile; fileRef = BDA7CA161E7685FD001E3259 /* Main.storyboard */; };
		BDA7CA1A1E7685FD001E3259 /* Assets.xcassets in Resources */ = {isa = PBXBuildFile; fileRef = BDA7CA191E7685FD001E3259 /* Assets.xcassets */; };
		BDA7CA1D1E7685FD001E3259 /* LaunchScreen.storyboard in Resources */ = {isa = PBXBuildFile; fileRef = BDA7CA1B1E7685FD001E3259 /* LaunchScreen.storyboard */; };
		BDA7CA281E7685FD001E3259 /* TipCalculatorTests.swift in Sources */ = {isa = PBXBuildFile; fileRef = BDA7CA271E7685FD001E3259 /* TipCalculatorTests.swift */; };
		BDA7CA331E7685FD001E3259 /* TipCalculatorUITests.swift in Sources */ = {isa = PBXBuildFile; fileRef = BDA7CA321E7685FD001E3259 /* TipCalculatorUITests.swift */; };
/* End PBXBuildFile section */

/* Begin PBXContainerItemProxy section */
		BDA7CA241E7685FD001E3259 /* PBXContainerItemProxy */ = {
			isa = PBXContainerItemProxy;
			containerPortal = BDA7CA071E7685FD001E3259 /* Project object */;
			proxyType = 1;
			remoteGlobalIDString = BDA7CA0E1E7685FD001E3259;
			remoteInfo = TipCalculator;
		};
		BDA7CA2F1E7685FD001E3259 /* PBXContainerItemProxy */ = {
			isa = PBXContainerItemProxy;
			containerPortal = BDA7CA071E7685FD001E3259 /* Project object */;
			proxyType = 1;
			remoteGlobalIDString = BDA7CA0E1E7685FD001E3259;
			remoteInfo = TipCalculator;
		};
/* End PBXContainerItemProxy section */

/* Begin PBXFileReference section */
		BDA7CA0F1E7685FD001E3259 /* TipCalculator.app */ = {isa = PBXFileReference; explicitFileType = wrapper.application; includeInIndex = 0; path = TipCalculator.app; sourceTree = BUILT_PRODUCTS_DIR; };
		BDA7CA121E7685FD001E3259 /* AppDelegate.swift */ = {isa = PBXFileReference; lastKnownFileType = sourcecode.swift; path = AppDelegate.swift; sourceTree = "<group>"; };
		BDA7CA141E7685FD001E3259 /* ViewController.swift */ = {isa = PBXFileReference; lastKnownFileType = sourcecode.swift; path = ViewController.swift; sourceTree = "<group>"; };
		BDA7CA171E7685FD001E3259 /* Base */ = {isa = PBXFileReference; lastKnownFileType = file.storyboard; name = Base; path = Base.lproj/Main.storyboard; sourceTree = "<group>"; };
		BDA7CA191E7685FD001E3259 /* Assets.xcassets */ = {isa = PBXFileReference; lastKnownFileType = folder.assetcatalog; path = Assets.xcassets; sourceTree = "<group>"; };
		BDA7CA1C1E7685FD001E3259 /* Base */ = {isa = PBXFileReference; lastKnownFileType = file.storyboard; name = Base; path = Base.lproj/LaunchScreen.storyboard; sourceTree = "<group>"; };
		BDA7CA1E1E7685FD001E3259 /* Info.plist */ = {isa = PBXFileReference; lastKnownFileType = text.plist.xml; path = Info.plist; sourceTree = "<group>"; };
		BDA7CA231E7685FD001E3259 /* TipCalculatorTests.xctest */ = {isa = PBXFileReference; explicitFileType = wrapper.cfbundle; includeInIndex = 0; path = TipCalculatorTests.xctest; sourceTree = BUILT_PRODUCTS_DIR; };
		BDA7CA271E7685FD001E3259 /* TipCalculatorTests.swift */ = {isa = PBXFileReference; lastKnownFileType = sourcecode.swift; path = TipCalculatorTests.swift; sourceTree = "<group>"; };
		BDA7CA291E7685FD001E3259 /* Info.plist */ = {isa = PBXFileReference; lastKnownFileType = text.plist.xml; path = Info.plist; sourceTree = "<group>"; };
		BDA7CA2E1E7685FD001E3259 /* TipCalculatorUITests.xctest */ = {isa = PBXFileReference; explicitFileType = wrapper.cfbundle; includeInIndex = 0; path = TipCalculatorUITests.xctest; sourceTree = BUILT_PRODUCTS_DIR; };
		BDA7CA321E7685FD001E3259 /* TipCalculatorUITests.swift */ = {isa = PBXFileReference; lastKnownFileType = sourcecode.swift; path = TipCalculatorUITests.swift; sourceTree = "<group>"; };
		BDA7CA341E7685FD001E3259 /* Info.plist */ = {isa = PBXFileReference; lastKnownFileType = text.plist.xml; path = Info.plist; sourceTree = "<group>"; };
/* End PBXFileReference section */

/* Begin PBXFrameworksBuildPhase section */
		BDA7CA0C1E7685FD001E3259 /* Frameworks */ = {
			isa = PBXFrameworksBuildPhase;
			buildActionMask = 2147483647;
			files = (
			);
			runOnlyForDeploymentPostprocessing = 0;
		};
		BDA7CA201E7685FD001E3259 /* Frameworks */ = {
			isa = PBXFrameworksBuildPhase;
			buildActionMask = 2147483647;
			files = (
			);
			runOnlyForDeploymentPostprocessing = 0;
		};
		BDA7CA2B1E7685FD001E3259 /* Frameworks */ = {
			isa = PBXFrameworksBuildPhase;
			buildActionMask = 2147483647;
			files = (
			);
			runOnlyForDeploymentPostprocessing = 0;
		};
/* End PBXFrameworksBuildPhase section */

/* Begin PBXGroup section */
		BDA7CA061E7685FD001E3259 = {
			isa = PBXGroup;
			children = (
				BDA7CA111E7685FD001E3259 /* TipCalculator */,
				BDA7CA261E7685FD001E3259 /* TipCalculatorTests */,
				BDA7CA311E7685FD001E3259 /* TipCalculatorUITests */,
				BDA7CA101E7685FD001E3259 /* Products */,
			);
			sourceTree = "<group>";
		};
		BDA7CA101E7685FD001E3259 /* Products */ = {
			isa = PBXGroup;
			children = (
				BDA7CA0F1E7685FD001E3259 /* TipCalculator.app */,
				BDA7CA231E7685FD001E3259 /* TipCalculatorTests.xctest */,
				BDA7CA2E1E7685FD001E3259 /* TipCalculatorUITests.xctest */,
			);
			name = Products;
			sourceTree = "<group>";
		};
		BDA7CA111E7685FD001E3259 /* TipCalculator */ = {
			isa = PBXGroup;
			children = (
				BDA7CA121E7685FD001E3259 /* AppDelegate.swift */,
				BDA7CA141E7685FD001E3259 /* ViewController.swift */,
				BDA7CA161E7685FD001E3259 /* Main.storyboard */,
				BDA7CA191E7685FD001E3259 /* Assets.xcassets */,
				BDA7CA1B1E7685FD001E3259 /* LaunchScreen.storyboard */,
				BDA7CA1E1E7685FD001E3259 /* Info.plist */,
			);
			path = TipCalculator;
			sourceTree = "<group>";
		};
		BDA7CA261E7685FD001E3259 /* TipCalculatorTests */ = {
			isa = PBXGroup;
			children = (
				BDA7CA271E7685FD001E3259 /* TipCalculatorTests.swift */,
				BDA7CA291E7685FD001E3259 /* Info.plist */,
			);
			path = TipCalculatorTests;
			sourceTree = "<group>";
		};
		BDA7CA311E7685FD001E3259 /* TipCalculatorUITests */ = {
			isa = PBXGroup;
			children = (
				BDA7CA321E7685FD001E3259 /* TipCalculatorUITests.swift */,
				BDA7CA341E7685FD001E3259 /* Info.plist */,
			);
			path = TipCalculatorUITests;
			sourceTree = "<group>";
		};
/* End PBXGroup section */

/* Begin PBXNativeTarget section */
		BDA7CA0E1E7685FD001E3259 /* TipCalculator */ = {
			isa = PBXNativeTarget;
			buildConfigurationList = BDA7CA371E7685FD001E3259 /* Build configuration list for PBXNativeTarget "TipCalculator" */;
			buildPhases = (
				BDA7CA0B1E7685FD001E3259 /* Sources */,
				BDA7CA0C1E7685FD001E3259 /* Frameworks */,
				BDA7CA0D1E7685FD001E3259 /* Resources */,
			);
			buildRules = (
			);
			dependencies = (
			);
			name = TipCalculator;
			productName = TipCalculator;
			productReference = BDA7CA0F1E7685FD001E3259 /* TipCalculator.app */;
			productType = "com.apple.product-type.application";
		};
		BDA7CA221E7685FD001E3259 /* TipCalculatorTests */ = {
			isa = PBXNativeTarget;
			buildConfigurationList = BDA7CA3A1E7685FD001E3259 /* Build configuration list for PBXNativeTarget "TipCalculatorTests" */;
			buildPhases = (
				BDA7CA1F1E7685FD001E3259 /* Sources */,
				BDA7CA201E7685FD001E3259 /* Frameworks */,
				BDA7CA211E7685FD001E3259 /* Resources */,
			);
			buildRules = (
			);
			dependencies = (
				BDA7CA251E7685FD001E3259 /* PBXTargetDependency */,
			);
			name = TipCalculatorTests;
			productName = TipCalculatorTests;
			productReference = BDA7CA231E7685FD001E3259 /* TipCalculatorTests.xctest */;
			productType = "com.apple.product-type.bundle.unit-test";
		};
		BDA7CA2D1E7685FD001E3259 /* TipCalculatorUITests */ = {
			isa = PBXNativeTarget;
			buildConfigurationList = BDA7CA3D1E7685FD001E3259 /* Build configuration list for PBXNativeTarget "TipCalculatorUITests" */;
			buildPhases = (
				BDA7CA2A1E7685FD001E3259 /* Sources */,
				BDA7CA2B1E7685FD001E3259 /* Frameworks */,
				BDA7CA2C1E7685FD001E3259 /* Resources */,
			);
			buildRules = (
			);
			dependencies = (
				BDA7CA301E7685FD001E3259 /* PBXTargetDependency */,
			);
			name = TipCalculatorUITests;
			productName = TipCalculatorUITests;
			productReference = BDA7CA2E1E7685FD001E3259 /* TipCalculatorUITests.xctest */;
			productType = "com.apple.product-type.bundle.ui-testing";
		};
/* End PBXNativeTarget section */

/* Begin PBXProject section */
		BDA7CA071E7685FD001E3259 /* Project object */ = {
			isa = PBXProject;
			attributes = {
				LastSwiftUpdateCheck = 0820;
				LastUpgradeCheck = 0820;
				ORGANIZATIONNAME = "Poornima Naik";
				TargetAttributes = {
					BDA7CA0E1E7685FD001E3259 = {
						CreatedOnToolsVersion = 8.2;
						ProvisioningStyle = Automatic;
					};
					BDA7CA221E7685FD001E3259 = {
						CreatedOnToolsVersion = 8.2;
						ProvisioningStyle = Automatic;
						TestTargetID = BDA7CA0E1E7685FD001E3259;
					};
					BDA7CA2D1E7685FD001E3259 = {
						CreatedOnToolsVersion = 8.2;
						ProvisioningStyle = Automatic;
						TestTargetID = BDA7CA0E1E7685FD001E3259;
					};
				};
			};
			buildConfigurationList = BDA7CA0A1E7685FD001E3259 /* Build configuration list for PBXProject "TipCalculator" */;
			compatibilityVersion = "Xcode 3.2";
			developmentRegion = English;
			hasScannedForEncodings = 0;
			knownRegions = (
				en,
				Base,
			);
			mainGroup = BDA7CA061E7685FD001E3259;
			productRefGroup = BDA7CA101E7685FD001E3259 /* Products */;
			projectDirPath = "";
			projectRoot = "";
			targets = (
				BDA7CA0E1E7685FD001E3259 /* TipCalculator */,
				BDA7CA221E7685FD001E3259 /* TipCalculatorTests */,
				BDA7CA2D1E7685FD001E3259 /* TipCalculatorUITests */,
			);
		};
/* End PBXProject section */

/* Begin PBXResourcesBuildPhase section */
		BDA7CA0D1E7685FD001E3259 /* Resources */ = {
			isa = PBXResourcesBuildPhase;
			buildActionMask = 2147483647;
			files = (
				BDA7CA1D1E7685FD001E3259 /* LaunchScreen.storyboard in Resources */,
				BDA7CA1A1E7685FD001E3259 /* Assets.xcassets in Resources */,
				BDA7CA181E7685FD001E3259 /* Main.storyboard in Resources */,
			);
			runOnlyForDeploymentPostprocessing = 0;
		};
		BDA7CA211E7685FD001E3259 /* Resources */ = {
			isa = PBXResourcesBuildPhase;
			buildActionMask = 2147483647;
			files = (
			);
			runOnlyForDeploymentPostprocessing = 0;
		};
		BDA7CA2C1E7685FD001E3259 /* Resources */ = {
			isa = PBXResourcesBuildPhase;
			buildActionMask = 2147483647;
			files = (
			);
			runOnlyForDeploymentPostprocessing = 0;
		};
/* End PBXResourcesBuildPhase section */

/* Begin PBXSourcesBuildPhase section */
		BDA7CA0B1E7685FD001E3259 /* Sources */ = {
			isa = PBXSourcesBuildPhase;
			buildActionMask = 2147483647;
			files = (
				BDA7CA151E7685FD001E3259 /* ViewController.swift in Sources */,
				BDA7CA131E7685FD001E3259 /* AppDelegate.swift in Sources */,
			);
			runOnlyForDeploymentPostprocessing = 0;
		};
		BDA7CA1F1E7685FD001E3259 /* Sources */ = {
			isa = PBXSourcesBuildPhase;
			buildActionMask = 2147483647;
			files = (
				BDA7CA281E7685FD001E3259 /* TipCalculatorTests.swift in Sources */,
			);
			runOnlyForDeploymentPostprocessing = 0;
		};
		BDA7CA2A1E7685FD001E3259 /* Sources */ = {
			isa = PBXSourcesBuildPhase;
			buildActionMask = 2147483647;
			files = (
				BDA7CA331E7685FD001E3259 /* TipCalculatorUITests.swift in Sources */,
			);
			runOnlyForDeploymentPostprocessing = 0;
		};
/* End PBXSourcesBuildPhase section */

/* Begin PBXTargetDependency section */
		BDA7CA251E7685FD001E3259 /* PBXTargetDependency */ = {
			isa = PBXTargetDependency;
			target = BDA7CA0E1E7685FD001E3259 /* TipCalculator */;
			targetProxy = BDA7CA241E7685FD001E3259 /* PBXContainerItemProxy */;
		};
		BDA7CA301E7685FD001E3259 /* PBXTargetDependency */ = {
			isa = PBXTargetDependency;
			target = BDA7CA0E1E7685FD001E3259 /* TipCalculator */;
			targetProxy = BDA7CA2F1E7685FD001E3259 /* PBXContainerItemProxy */;
		};
/* End PBXTargetDependency section */

/* Begin PBXVariantGroup section */
		BDA7CA161E7685FD001E3259 /* Main.storyboard */ = {
			isa = PBXVariantGroup;
			children = (
				BDA7CA171E7685FD001E3259 /* Base */,
			);
			name = Main.storyboard;
			sourceTree = "<group>";
		};
		BDA7CA1B1E7685FD001E3259 /* LaunchScreen.storyboard */ = {
			isa = PBXVariantGroup;
			children = (
				BDA7CA1C1E7685FD001E3259 /* Base */,
			);
			name = LaunchScreen.storyboard;
			sourceTree = "<group>";
		};
/* End PBXVariantGroup section */

/* Begin XCBuildConfiguration section */
		BDA7CA351E7685FD001E3259 /* Debug */ = {
			isa = XCBuildConfiguration;
			buildSettings = {
				ALWAYS_SEARCH_USER_PATHS = NO;
				CLANG_ANALYZER_NONNULL = YES;
				CLANG_CXX_LANGUAGE_STANDARD = "gnu++0x";
				CLANG_CXX_LIBRARY = "libc++";
				CLANG_ENABLE_MODULES = YES;
				CLANG_ENABLE_OBJC_ARC = YES;
				CLANG_WARN_BOOL_CONVERSION = YES;
				CLANG_WARN_CONSTANT_CONVERSION = YES;
				CLANG_WARN_DIRECT_OBJC_ISA_USAGE = YES_ERROR;
				CLANG_WARN_DOCUMENTATION_COMMENTS = YES;
				CLANG_WARN_EMPTY_BODY = YES;
				CLANG_WARN_ENUM_CONVERSION = YES;
				CLANG_WARN_INFINITE_RECURSION = YES;
				CLANG_WARN_INT_CONVERSION = YES;
				CLANG_WARN_OBJC_ROOT_CLASS = YES_ERROR;
				CLANG_WARN_SUSPICIOUS_MOVE = YES;
				CLANG_WARN_UNREACHABLE_CODE = YES;
				CLANG_WARN__DUPLICATE_METHOD_MATCH = YES;
				"CODE_SIGN_IDENTITY[sdk=iphoneos*]" = "iPhone Developer";
				COPY_PHASE_STRIP = NO;
				DEBUG_INFORMATION_FORMAT = dwarf;
				ENABLE_STRICT_OBJC_MSGSEND = YES;
				ENABLE_TESTABILITY = YES;
				GCC_C_LANGUAGE_STANDARD = gnu99;
				GCC_DYNAMIC_NO_PIC = NO;
				GCC_NO_COMMON_BLOCKS = YES;
				GCC_OPTIMIZATION_LEVEL = 0;
				GCC_PREPROCESSOR_DEFINITIONS = (
					"DEBUG=1",
					"$(inherited)",
				);
				GCC_WARN_64_TO_32_BIT_CONVERSION = YES;
				GCC_WARN_ABOUT_RETURN_TYPE = YES_ERROR;
				GCC_WARN_UNDECLARED_SELECTOR = YES;
				GCC_WARN_UNINITIALIZED_AUTOS = YES_AGGRESSIVE;
				GCC_WARN_UNUSED_FUNCTION = YES;
				GCC_WARN_UNUSED_VARIABLE = YES;
				IPHONEOS_DEPLOYMENT_TARGET = 10.2;
				MTL_ENABLE_DEBUG_INFO = YES;
				ONLY_ACTIVE_ARCH = YES;
				SDKROOT = iphoneos;
				SWIFT_ACTIVE_COMPILATION_CONDITIONS = DEBUG;
				SWIFT_OPTIMIZATION_LEVEL = "-Onone";
			};
			name = Debug;
		};
		BDA7CA361E7685FD001E3259 /* Release */ = {
			isa = XCBuildConfiguration;
			buildSettings = {
				ALWAYS_SEARCH_USER_PATHS = NO;
				CLANG_ANALYZER_NONNULL = YES;
				CLANG_CXX_LANGUAGE_STANDARD = "gnu++0x";
				CLANG_CXX_LIBRARY = "libc++";
				CLANG_ENABLE_MODULES = YES;
				CLANG_ENABLE_OBJC_ARC = YES;
				CLANG_WARN_BOOL_CONVERSION = YES;
				CLANG_WARN_CONSTANT_CONVERSION = YES;
				CLANG_WARN_DIRECT_OBJC_ISA_USAGE = YES_ERROR;
				CLANG_WARN_DOCUMENTATION_COMMENTS = YES;
				CLANG_WARN_EMPTY_BODY = YES;
				CLANG_WARN_ENUM_CONVERSION = YES;
				CLANG_WARN_INFINITE_RECURSION = YES;
				CLANG_WARN_INT_CONVERSION = YES;
				CLANG_WARN_OBJC_ROOT_CLASS = YES_ERROR;
				CLANG_WARN_SUSPICIOUS_MOVE = YES;
				CLANG_WARN_UNREACHABLE_CODE = YES;
				CLANG_WARN__DUPLICATE_METHOD_MATCH = YES;
				"CODE_SIGN_IDENTITY[sdk=iphoneos*]" = "iPhone Developer";
				COPY_PHASE_STRIP = NO;
				DEBUG_INFORMATION_FORMAT = "dwarf-with-dsym";
				ENABLE_NS_ASSERTIONS = NO;
				ENABLE_STRICT_OBJC_MSGSEND = YES;
				GCC_C_LANGUAGE_STANDARD = gnu99;
				GCC_NO_COMMON_BLOCKS = YES;
				GCC_WARN_64_TO_32_BIT_CONVERSION = YES;
				GCC_WARN_ABOUT_RETURN_TYPE = YES_ERROR;
				GCC_WARN_UNDECLARED_SELECTOR = YES;
				GCC_WARN_UNINITIALIZED_AUTOS = YES_AGGRESSIVE;
				GCC_WARN_UNUSED_FUNCTION = YES;
				GCC_WARN_UNUSED_VARIABLE = YES;
				IPHONEOS_DEPLOYMENT_TARGET = 10.2;
				MTL_ENABLE_DEBUG_INFO = NO;
				SDKROOT = iphoneos;
				SWIFT_OPTIMIZATION_LEVEL = "-Owholemodule";
				VALIDATE_PRODUCT = YES;
			};
			name = Release;
		};
		BDA7CA381E7685FD001E3259 /* Debug */ = {
			isa = XCBuildConfiguration;
			buildSettings = {
				ASSETCATALOG_COMPILER_APPICON_NAME = AppIcon;
				INFOPLIST_FILE = TipCalculator/Info.plist;
				LD_RUNPATH_SEARCH_PATHS = "$(inherited) @executable_path/Frameworks";
				PRODUCT_BUNDLE_IDENTIFIER = naik.TipCalculator;
				PRODUCT_NAME = "$(TARGET_NAME)";
				SWIFT_VERSION = 3.0;
			};
			name = Debug;
		};
		BDA7CA391E7685FD001E3259 /* Release */ = {
			isa = XCBuildConfiguration;
			buildSettings = {
				ASSETCATALOG_COMPILER_APPICON_NAME = AppIcon;
				INFOPLIST_FILE = TipCalculator/Info.plist;
				LD_RUNPATH_SEARCH_PATHS = "$(inherited) @executable_path/Frameworks";
				PRODUCT_BUNDLE_IDENTIFIER = naik.TipCalculator;
				PRODUCT_NAME = "$(TARGET_NAME)";
				SWIFT_VERSION = 3.0;
			};
			name = Release;
		};
		BDA7CA3B1E7685FD001E3259 /* Debug */ = {
			isa = XCBuildConfiguration;
			buildSettings = {
				ALWAYS_EMBED_SWIFT_STANDARD_LIBRARIES = YES;
				BUNDLE_LOADER = "$(TEST_HOST)";
				INFOPLIST_FILE = TipCalculatorTests/Info.plist;
				LD_RUNPATH_SEARCH_PATHS = "$(inherited) @executable_path/Frameworks @loader_path/Frameworks";
				PRODUCT_BUNDLE_IDENTIFIER = naik.TipCalculatorTests;
				PRODUCT_NAME = "$(TARGET_NAME)";
				SWIFT_VERSION = 3.0;
				TEST_HOST = "$(BUILT_PRODUCTS_DIR)/TipCalculator.app/TipCalculator";
			};
			name = Debug;
		};
		BDA7CA3C1E7685FD001E3259 /* Release */ = {
			isa = XCBuildConfiguration;
			buildSettings = {
				ALWAYS_EMBED_SWIFT_STANDARD_LIBRARIES = YES;
				BUNDLE_LOADER = "$(TEST_HOST)";
				INFOPLIST_FILE = TipCalculatorTests/Info.plist;
				LD_RUNPATH_SEARCH_PATHS = "$(inherited) @executable_path/Frameworks @loader_path/Frameworks";
				PRODUCT_BUNDLE_IDENTIFIER = naik.TipCalculatorTests;
				PRODUCT_NAME = "$(TARGET_NAME)";
				SWIFT_VERSION = 3.0;
				TEST_HOST = "$(BUILT_PRODUCTS_DIR)/TipCalculator.app/TipCalculator";
			};
			name = Release;
		};
		BDA7CA3E1E7685FD001E3259 /* Debug */ = {
			isa = XCBuildConfiguration;
			buildSettings = {
				ALWAYS_EMBED_SWIFT_STANDARD_LIBRARIES = YES;
				INFOPLIST_FILE = TipCalculatorUITests/Info.plist;
				LD_RUNPATH_SEARCH_PATHS = "$(inherited) @executable_path/Frameworks @loader_path/Frameworks";
				PRODUCT_BUNDLE_IDENTIFIER = naik.TipCalculatorUITests;
				PRODUCT_NAME = "$(TARGET_NAME)";
				SWIFT_VERSION = 3.0;
				TEST_TARGET_NAME = TipCalculator;
			};
			name = Debug;
		};
		BDA7CA3F1E7685FD001E3259 /* Release */ = {
			isa = XCBuildConfiguration;
			buildSettings = {
				ALWAYS_EMBED_SWIFT_STANDARD_LIBRARIES = YES;
				INFOPLIST_FILE = TipCalculatorUITests/Info.plist;
				LD_RUNPATH_SEARCH_PATHS = "$(inherited) @executable_path/Frameworks @loader_path/Frameworks";
				PRODUCT_BUNDLE_IDENTIFIER = naik.TipCalculatorUITests;
				PRODUCT_NAME = "$(TARGET_NAME)";
				SWIFT_VERSION = 3.0;
				TEST_TARGET_NAME = TipCalculator;
			};
			name = Release;
		};
/* End XCBuildConfiguration section */

/* Begin XCConfigurationList section */
		BDA7CA0A1E7685FD001E3259 /* Build configuration list for PBXProject "TipCalculator" */ = {
			isa = XCConfigurationList;
			buildConfigurations = (
				BDA7CA351E7685FD001E3259 /* Debug */,
				BDA7CA361E7685FD001E3259 /* Release */,
			);
			defaultConfigurationIsVisible = 0;
			defaultConfigurationName = Release;
		};
		BDA7CA371E7685FD001E3259 /* Build configuration list for PBXNativeTarget "TipCalculator" */ = {
			isa = XCConfigurationList;
			buildConfigurations = (
				BDA7CA381E7685FD001E3259 /* Debug */,
				BDA7CA391E7685FD001E3259 /* Release */,
			);
			defaultConfigurationIsVisible = 0;
		};
		BDA7CA3A1E7685FD001E3259 /* Build configuration list for PBXNativeTarget "TipCalculatorTests" */ = {
			isa = XCConfigurationList;
			buildConfigurations = (
				BDA7CA3B1E7685FD001E3259 /* Debug */,
				BDA7CA3C1E7685FD001E3259 /* Release */,
			);
			defaultConfigurationIsVisible = 0;
		};
		BDA7CA3D1E7685FD001E3259 /* Build configuration list for PBXNativeTarget "TipCalculatorUITests" */ = {
			isa = XCConfigurationList;
			buildConfigurations = (
				BDA7CA3E1E7685FD001E3259 /* Debug */,
				BDA7CA3F1E7685FD001E3259 /* Release */,
			);
			defaultConfigurationIsVisible = 0;
		};
/* End XCConfigurationList section */
	};
	rootObject = BDA7CA071E7685FD001E3259 /* Project object */;
}
